// !$*UTF8*$!
{
	archiveVersion = 1;
	classes = {
	};
	objectVersion = 70;
	objects = {

/* Begin PBXBuildFile section */
		57355C032CAAD48700F066CB /* SpeechRecognizer.swift in Sources */ = {isa = PBXBuildFile; fileRef = 57355C022CAAD48600F066CB /* SpeechRecognizer.swift */; };
		57355C052CAADE3300F066CB /* HistoryView.swift in Sources */ = {isa = PBXBuildFile; fileRef = 57355C042CAADE2A00F066CB /* HistoryView.swift */; };
		57723BDC2CAC325B001446FC /* WidgetKit.framework in Frameworks */ = {isa = PBXBuildFile; fileRef = 57355C0C2CAC2BFC00F066CB /* WidgetKit.framework */; };
		57723BDD2CAC325B001446FC /* SwiftUI.framework in Frameworks */ = {isa = PBXBuildFile; fileRef = 57355C0E2CAC2BFC00F066CB /* SwiftUI.framework */; };
		57723BE82CAC325D001446FC /* ScrumdingerWidgetExtension.appex in Embed Foundation Extensions */ = {isa = PBXBuildFile; fileRef = 57723BDB2CAC325B001446FC /* ScrumdingerWidgetExtension.appex */; settings = {ATTRIBUTES = (RemoveHeadersOnCopy, ); }; };
		57723BED2CAC370F001446FC /* DailyScrum.swift in Sources */ = {isa = PBXBuildFile; fileRef = 57E98D552CA2DD7A00DE5877 /* DailyScrum.swift */; };
		57723BEE2CAC3736001446FC /* Theme.swift in Sources */ = {isa = PBXBuildFile; fileRef = 57E98D532CA2DBD300DE5877 /* Theme.swift */; };
		57723BEF2CAC3753001446FC /* History.swift in Sources */ = {isa = PBXBuildFile; fileRef = 577AE30D2CA6BFE200CA8082 /* History.swift */; };
		57723BF02CAC3C23001446FC /* Assets.xcassets in Resources */ = {isa = PBXBuildFile; fileRef = 57E98D482CA2D50800DE5877 /* Assets.xcassets */; };
		577AE2FE2CA5843D00CA8082 /* MeetingHeaderView.swift in Sources */ = {isa = PBXBuildFile; fileRef = 577AE2FD2CA5842E00CA8082 /* MeetingHeaderView.swift */; };
		577AE3002CA5ADAE00CA8082 /* ScrumProgressViewStyle.swift in Sources */ = {isa = PBXBuildFile; fileRef = 577AE2FF2CA5ADAE00CA8082 /* ScrumProgressViewStyle.swift */; };
		577AE3022CA5AE8E00CA8082 /* ScrumTimer.swift in Sources */ = {isa = PBXBuildFile; fileRef = 577AE3012CA5AE8E00CA8082 /* ScrumTimer.swift */; };
		577AE3042CA5C2C900CA8082 /* MeetingFooterView.swift in Sources */ = {isa = PBXBuildFile; fileRef = 577AE3032CA5C2C100CA8082 /* MeetingFooterView.swift */; };
		577AE3062CA5C87700CA8082 /* AVPlayer+Ding.swift in Sources */ = {isa = PBXBuildFile; fileRef = 577AE3052CA5C87700CA8082 /* AVPlayer+Ding.swift */; };
		577AE30A2CA5C9A300CA8082 /* ding.wav in Resources */ = {isa = PBXBuildFile; fileRef = 577AE3092CA5C9A300CA8082 /* ding.wav */; };
		577AE30C2CA6BCDF00CA8082 /* NewScrumSheet.swift in Sources */ = {isa = PBXBuildFile; fileRef = 577AE30B2CA6BCD900CA8082 /* NewScrumSheet.swift */; };
		577AE30E2CA6BFE500CA8082 /* History.swift in Sources */ = {isa = PBXBuildFile; fileRef = 577AE30D2CA6BFE200CA8082 /* History.swift */; };
		577AE3102CA6CAF200CA8082 /* ScrumStore.swift in Sources */ = {isa = PBXBuildFile; fileRef = 577AE30F2CA6CAE900CA8082 /* ScrumStore.swift */; };
		577AE3122CA84E0B00CA8082 /* ErrorWrapper.swift in Sources */ = {isa = PBXBuildFile; fileRef = 577AE3112CA84DFB00CA8082 /* ErrorWrapper.swift */; };
		577AE3142CA84EB300CA8082 /* ErrorView.swift in Sources */ = {isa = PBXBuildFile; fileRef = 577AE3132CA84EAE00CA8082 /* ErrorView.swift */; };
		577AE3162CA8680700CA8082 /* MeetingTimerView.swift in Sources */ = {isa = PBXBuildFile; fileRef = 577AE3152CA867FE00CA8082 /* MeetingTimerView.swift */; };
		577AE3192CA86A9500CA8082 /* SpeakerArc.swift in Sources */ = {isa = PBXBuildFile; fileRef = 577AE3182CA86A8B00CA8082 /* SpeakerArc.swift */; };
		57D0A9032CA45C450091F41B /* DetailView.swift in Sources */ = {isa = PBXBuildFile; fileRef = 57D0A9022CA45C380091F41B /* DetailView.swift */; };
		57D0A9072CA46D0A0091F41B /* DetailEditView.swift in Sources */ = {isa = PBXBuildFile; fileRef = 57D0A9062CA46D010091F41B /* DetailEditView.swift */; };
		57D0A90A2CA48C040091F41B /* ThemeView.swift in Sources */ = {isa = PBXBuildFile; fileRef = 57D0A9092CA48BFD0091F41B /* ThemeView.swift */; };
		57D0A90C2CA48F070091F41B /* ThemePicker.swift in Sources */ = {isa = PBXBuildFile; fileRef = 57D0A90B2CA48F010091F41B /* ThemePicker.swift */; };
		57E98D452CA2D50700DE5877 /* ScrumdingerApp.swift in Sources */ = {isa = PBXBuildFile; fileRef = 57E98D442CA2D50700DE5877 /* ScrumdingerApp.swift */; };
		57E98D472CA2D50700DE5877 /* MeetingView.swift in Sources */ = {isa = PBXBuildFile; fileRef = 57E98D462CA2D50700DE5877 /* MeetingView.swift */; };
		57E98D492CA2D50800DE5877 /* Assets.xcassets in Resources */ = {isa = PBXBuildFile; fileRef = 57E98D482CA2D50800DE5877 /* Assets.xcassets */; };
		57E98D4C2CA2D50800DE5877 /* Preview Assets.xcassets in Resources */ = {isa = PBXBuildFile; fileRef = 57E98D4B2CA2D50800DE5877 /* Preview Assets.xcassets */; };
		57E98D542CA2DBD300DE5877 /* Theme.swift in Sources */ = {isa = PBXBuildFile; fileRef = 57E98D532CA2DBD300DE5877 /* Theme.swift */; };
		57E98D562CA2DD7A00DE5877 /* DailyScrum.swift in Sources */ = {isa = PBXBuildFile; fileRef = 57E98D552CA2DD7A00DE5877 /* DailyScrum.swift */; };
		57E98D582CA3115000DE5877 /* CardView.swift in Sources */ = {isa = PBXBuildFile; fileRef = 57E98D572CA3115000DE5877 /* CardView.swift */; };
		57E98D5A2CA31C1C00DE5877 /* TrailingIconLabelStyle.swift in Sources */ = {isa = PBXBuildFile; fileRef = 57E98D592CA31C1C00DE5877 /* TrailingIconLabelStyle.swift */; };
		57E98D5C2CA3D38500DE5877 /* ScrumsView.swift in Sources */ = {isa = PBXBuildFile; fileRef = 57E98D5B2CA3D38500DE5877 /* ScrumsView.swift */; };
/* End PBXBuildFile section */

/* Begin PBXContainerItemProxy section */
		57723BE62CAC325D001446FC /* PBXContainerItemProxy */ = {
			isa = PBXContainerItemProxy;
			containerPortal = 57E98D392CA2D50700DE5877 /* Project object */;
			proxyType = 1;
			remoteGlobalIDString = 57723BDA2CAC325B001446FC;
			remoteInfo = ScrumdingerWidgetExtension;
		};
/* End PBXContainerItemProxy section */

/* Begin PBXCopyFilesBuildPhase section */
		57355C252CAC2BFE00F066CB /* Embed Foundation Extensions */ = {
			isa = PBXCopyFilesBuildPhase;
			buildActionMask = 2147483647;
			dstPath = "";
			dstSubfolderSpec = 13;
			files = (
				57723BE82CAC325D001446FC /* ScrumdingerWidgetExtension.appex in Embed Foundation Extensions */,
			);
			name = "Embed Foundation Extensions";
			runOnlyForDeploymentPostprocessing = 0;
		};
/* End PBXCopyFilesBuildPhase section */

/* Begin PBXFileReference section */
		57355C022CAAD48600F066CB /* SpeechRecognizer.swift */ = {isa = PBXFileReference; lastKnownFileType = sourcecode.swift; path = SpeechRecognizer.swift; sourceTree = "<group>"; };
		57355C042CAADE2A00F066CB /* HistoryView.swift */ = {isa = PBXFileReference; lastKnownFileType = sourcecode.swift; path = HistoryView.swift; sourceTree = "<group>"; };
		57355C0C2CAC2BFC00F066CB /* WidgetKit.framework */ = {isa = PBXFileReference; lastKnownFileType = wrapper.framework; name = WidgetKit.framework; path = System/Library/Frameworks/WidgetKit.framework; sourceTree = SDKROOT; };
		57355C0E2CAC2BFC00F066CB /* SwiftUI.framework */ = {isa = PBXFileReference; lastKnownFileType = wrapper.framework; name = SwiftUI.framework; path = System/Library/Frameworks/SwiftUI.framework; sourceTree = SDKROOT; };
		57723BDB2CAC325B001446FC /* ScrumdingerWidgetExtension.appex */ = {isa = PBXFileReference; explicitFileType = "wrapper.app-extension"; includeInIndex = 0; path = ScrumdingerWidgetExtension.appex; sourceTree = BUILT_PRODUCTS_DIR; };
		577AE2FD2CA5842E00CA8082 /* MeetingHeaderView.swift */ = {isa = PBXFileReference; lastKnownFileType = sourcecode.swift; path = MeetingHeaderView.swift; sourceTree = "<group>"; };
		577AE2FF2CA5ADAE00CA8082 /* ScrumProgressViewStyle.swift */ = {isa = PBXFileReference; lastKnownFileType = sourcecode.swift; path = ScrumProgressViewStyle.swift; sourceTree = "<group>"; };
		577AE3012CA5AE8E00CA8082 /* ScrumTimer.swift */ = {isa = PBXFileReference; lastKnownFileType = sourcecode.swift; path = ScrumTimer.swift; sourceTree = "<group>"; };
		577AE3032CA5C2C100CA8082 /* MeetingFooterView.swift */ = {isa = PBXFileReference; lastKnownFileType = sourcecode.swift; path = MeetingFooterView.swift; sourceTree = "<group>"; };
		577AE3052CA5C87700CA8082 /* AVPlayer+Ding.swift */ = {isa = PBXFileReference; lastKnownFileType = sourcecode.swift; path = "AVPlayer+Ding.swift"; sourceTree = "<group>"; };
		577AE3092CA5C9A300CA8082 /* ding.wav */ = {isa = PBXFileReference; lastKnownFileType = audio.wav; path = ding.wav; sourceTree = "<group>"; };
		577AE30B2CA6BCD900CA8082 /* NewScrumSheet.swift */ = {isa = PBXFileReference; lastKnownFileType = sourcecode.swift; path = NewScrumSheet.swift; sourceTree = "<group>"; };
		577AE30D2CA6BFE200CA8082 /* History.swift */ = {isa = PBXFileReference; lastKnownFileType = sourcecode.swift; path = History.swift; sourceTree = "<group>"; };
		577AE30F2CA6CAE900CA8082 /* ScrumStore.swift */ = {isa = PBXFileReference; lastKnownFileType = sourcecode.swift; path = ScrumStore.swift; sourceTree = "<group>"; };
		577AE3112CA84DFB00CA8082 /* ErrorWrapper.swift */ = {isa = PBXFileReference; lastKnownFileType = sourcecode.swift; path = ErrorWrapper.swift; sourceTree = "<group>"; };
		577AE3132CA84EAE00CA8082 /* ErrorView.swift */ = {isa = PBXFileReference; lastKnownFileType = sourcecode.swift; path = ErrorView.swift; sourceTree = "<group>"; };
		577AE3152CA867FE00CA8082 /* MeetingTimerView.swift */ = {isa = PBXFileReference; lastKnownFileType = sourcecode.swift; path = MeetingTimerView.swift; sourceTree = "<group>"; };
		577AE3182CA86A8B00CA8082 /* SpeakerArc.swift */ = {isa = PBXFileReference; lastKnownFileType = sourcecode.swift; path = SpeakerArc.swift; sourceTree = "<group>"; };
		57D0A9022CA45C380091F41B /* DetailView.swift */ = {isa = PBXFileReference; lastKnownFileType = sourcecode.swift; path = DetailView.swift; sourceTree = "<group>"; };
		57D0A9062CA46D010091F41B /* DetailEditView.swift */ = {isa = PBXFileReference; lastKnownFileType = sourcecode.swift; path = DetailEditView.swift; sourceTree = "<group>"; };
		57D0A9092CA48BFD0091F41B /* ThemeView.swift */ = {isa = PBXFileReference; lastKnownFileType = sourcecode.swift; path = ThemeView.swift; sourceTree = "<group>"; };
		57D0A90B2CA48F010091F41B /* ThemePicker.swift */ = {isa = PBXFileReference; lastKnownFileType = sourcecode.swift; path = ThemePicker.swift; sourceTree = "<group>"; };
		57E98D412CA2D50700DE5877 /* Scrumdinger.app */ = {isa = PBXFileReference; explicitFileType = wrapper.application; includeInIndex = 0; path = Scrumdinger.app; sourceTree = BUILT_PRODUCTS_DIR; };
		57E98D442CA2D50700DE5877 /* ScrumdingerApp.swift */ = {isa = PBXFileReference; lastKnownFileType = sourcecode.swift; path = ScrumdingerApp.swift; sourceTree = "<group>"; };
		57E98D462CA2D50700DE5877 /* MeetingView.swift */ = {isa = PBXFileReference; lastKnownFileType = sourcecode.swift; path = MeetingView.swift; sourceTree = "<group>"; };
		57E98D482CA2D50800DE5877 /* Assets.xcassets */ = {isa = PBXFileReference; lastKnownFileType = folder.assetcatalog; path = Assets.xcassets; sourceTree = "<group>"; };
		57E98D4B2CA2D50800DE5877 /* Preview Assets.xcassets */ = {isa = PBXFileReference; lastKnownFileType = folder.assetcatalog; path = "Preview Assets.xcassets"; sourceTree = "<group>"; };
		57E98D532CA2DBD300DE5877 /* Theme.swift */ = {isa = PBXFileReference; lastKnownFileType = sourcecode.swift; path = Theme.swift; sourceTree = "<group>"; };
		57E98D552CA2DD7A00DE5877 /* DailyScrum.swift */ = {isa = PBXFileReference; lastKnownFileType = sourcecode.swift; path = DailyScrum.swift; sourceTree = "<group>"; };
		57E98D572CA3115000DE5877 /* CardView.swift */ = {isa = PBXFileReference; lastKnownFileType = sourcecode.swift; path = CardView.swift; sourceTree = "<group>"; };
		57E98D592CA31C1C00DE5877 /* TrailingIconLabelStyle.swift */ = {isa = PBXFileReference; lastKnownFileType = sourcecode.swift; path = TrailingIconLabelStyle.swift; sourceTree = "<group>"; };
		57E98D5B2CA3D38500DE5877 /* ScrumsView.swift */ = {isa = PBXFileReference; lastKnownFileType = sourcecode.swift; path = ScrumsView.swift; sourceTree = "<group>"; };
/* End PBXFileReference section */

/* Begin PBXFileSystemSynchronizedBuildFileExceptionSet section */
		57723BE92CAC325D001446FC /* PBXFileSystemSynchronizedBuildFileExceptionSet */ = {
			isa = PBXFileSystemSynchronizedBuildFileExceptionSet;
			membershipExceptions = (
				Info.plist,
			);
			target = 57723BDA2CAC325B001446FC /* ScrumdingerWidgetExtension */;
		};
/* End PBXFileSystemSynchronizedBuildFileExceptionSet section */

/* Begin PBXFileSystemSynchronizedRootGroup section */
		57723BDE2CAC325B001446FC /* ScrumdingerWidget */ = {isa = PBXFileSystemSynchronizedRootGroup; exceptions = (57723BE92CAC325D001446FC /* PBXFileSystemSynchronizedBuildFileExceptionSet */, ); explicitFileTypes = {}; explicitFolders = (); path = ScrumdingerWidget; sourceTree = "<group>"; };
/* End PBXFileSystemSynchronizedRootGroup section */

/* Begin PBXFrameworksBuildPhase section */
		57723BD82CAC325B001446FC /* Frameworks */ = {
			isa = PBXFrameworksBuildPhase;
			buildActionMask = 2147483647;
			files = (
				57723BDD2CAC325B001446FC /* SwiftUI.framework in Frameworks */,
				57723BDC2CAC325B001446FC /* WidgetKit.framework in Frameworks */,
			);
			runOnlyForDeploymentPostprocessing = 0;
		};
		57E98D3E2CA2D50700DE5877 /* Frameworks */ = {
			isa = PBXFrameworksBuildPhase;
			buildActionMask = 2147483647;
			files = (
			);
			runOnlyForDeploymentPostprocessing = 0;
		};
/* End PBXFrameworksBuildPhase section */

/* Begin PBXGroup section */
		57355C0B2CAC2BFC00F066CB /* Frameworks */ = {
			isa = PBXGroup;
			children = (
				57355C0C2CAC2BFC00F066CB /* WidgetKit.framework */,
				57355C0E2CAC2BFC00F066CB /* SwiftUI.framework */,
			);
			name = Frameworks;
			sourceTree = "<group>";
		};
		577AE3082CA5C98800CA8082 /* Resources */ = {
			isa = PBXGroup;
			children = (
				577AE3092CA5C9A300CA8082 /* ding.wav */,
			);
			path = Resources;
			sourceTree = "<group>";
		};
		577AE3172CA86A5800CA8082 /* Views */ = {
			isa = PBXGroup;
			children = (
				57355C042CAADE2A00F066CB /* HistoryView.swift */,
				577AE3182CA86A8B00CA8082 /* SpeakerArc.swift */,
				57E98D462CA2D50700DE5877 /* MeetingView.swift */,
				577AE2FD2CA5842E00CA8082 /* MeetingHeaderView.swift */,
				57D0A9092CA48BFD0091F41B /* ThemeView.swift */,
				57D0A9062CA46D010091F41B /* DetailEditView.swift */,
				57E98D5B2CA3D38500DE5877 /* ScrumsView.swift */,
				57E98D572CA3115000DE5877 /* CardView.swift */,
				57D0A9022CA45C380091F41B /* DetailView.swift */,
				577AE3032CA5C2C100CA8082 /* MeetingFooterView.swift */,
				577AE3152CA867FE00CA8082 /* MeetingTimerView.swift */,
				577AE3132CA84EAE00CA8082 /* ErrorView.swift */,
			);
			path = Views;
			sourceTree = "<group>";
		};
		57E98D382CA2D50700DE5877 = {
			isa = PBXGroup;
			children = (
				57E98D432CA2D50700DE5877 /* Scrumdinger */,
				57723BDE2CAC325B001446FC /* ScrumdingerWidget */,
				57355C0B2CAC2BFC00F066CB /* Frameworks */,
				57E98D422CA2D50700DE5877 /* Products */,
			);
			sourceTree = "<group>";
		};
		57E98D422CA2D50700DE5877 /* Products */ = {
			isa = PBXGroup;
			children = (
				57E98D412CA2D50700DE5877 /* Scrumdinger.app */,
				57723BDB2CAC325B001446FC /* ScrumdingerWidgetExtension.appex */,
			);
			name = Products;
			sourceTree = "<group>";
		};
		57E98D432CA2D50700DE5877 /* Scrumdinger */ = {
			isa = PBXGroup;
			children = (
				577AE3172CA86A5800CA8082 /* Views */,
				577AE30B2CA6BCD900CA8082 /* NewScrumSheet.swift */,
				577AE3082CA5C98800CA8082 /* Resources */,
				577AE2FF2CA5ADAE00CA8082 /* ScrumProgressViewStyle.swift */,
				57D0A90B2CA48F010091F41B /* ThemePicker.swift */,
				57E98D442CA2D50700DE5877 /* ScrumdingerApp.swift */,
				57E98D592CA31C1C00DE5877 /* TrailingIconLabelStyle.swift */,
				57E98D522CA2DBB000DE5877 /* Models */,
				57E98D482CA2D50800DE5877 /* Assets.xcassets */,
				57E98D4A2CA2D50800DE5877 /* Preview Content */,
			);
			path = Scrumdinger;
			sourceTree = "<group>";
		};
		57E98D4A2CA2D50800DE5877 /* Preview Content */ = {
			isa = PBXGroup;
			children = (
				57E98D4B2CA2D50800DE5877 /* Preview Assets.xcassets */,
			);
			path = "Preview Content";
			sourceTree = "<group>";
		};
		57E98D522CA2DBB000DE5877 /* Models */ = {
			isa = PBXGroup;
			children = (
				577AE3112CA84DFB00CA8082 /* ErrorWrapper.swift */,
				577AE30F2CA6CAE900CA8082 /* ScrumStore.swift */,
				577AE30D2CA6BFE200CA8082 /* History.swift */,
				577AE3052CA5C87700CA8082 /* AVPlayer+Ding.swift */,
				577AE3012CA5AE8E00CA8082 /* ScrumTimer.swift */,
				57E98D532CA2DBD300DE5877 /* Theme.swift */,
				57E98D552CA2DD7A00DE5877 /* DailyScrum.swift */,
				57355C022CAAD48600F066CB /* SpeechRecognizer.swift */,
			);
			path = Models;
			sourceTree = "<group>";
		};
/* End PBXGroup section */

/* Begin PBXNativeTarget section */
		57723BDA2CAC325B001446FC /* ScrumdingerWidgetExtension */ = {
			isa = PBXNativeTarget;
			buildConfigurationList = 57723BEA2CAC325D001446FC /* Build configuration list for PBXNativeTarget "ScrumdingerWidgetExtension" */;
			buildPhases = (
				57723BD72CAC325B001446FC /* Sources */,
				57723BD82CAC325B001446FC /* Frameworks */,
				57723BD92CAC325B001446FC /* Resources */,
			);
			buildRules = (
			);
			dependencies = (
			);
			fileSystemSynchronizedGroups = (
				57723BDE2CAC325B001446FC /* ScrumdingerWidget */,
			);
			name = ScrumdingerWidgetExtension;
			packageProductDependencies = (
			);
			productName = ScrumdingerWidgetExtension;
			productReference = 57723BDB2CAC325B001446FC /* ScrumdingerWidgetExtension.appex */;
			productType = "com.apple.product-type.app-extension";
		};
		57E98D402CA2D50700DE5877 /* Scrumdinger */ = {
			isa = PBXNativeTarget;
			buildConfigurationList = 57E98D4F2CA2D50800DE5877 /* Build configuration list for PBXNativeTarget "Scrumdinger" */;
			buildPhases = (
				57E98D3D2CA2D50700DE5877 /* Sources */,
				57E98D3E2CA2D50700DE5877 /* Frameworks */,
				57E98D3F2CA2D50700DE5877 /* Resources */,
				57355C252CAC2BFE00F066CB /* Embed Foundation Extensions */,
			);
			buildRules = (
			);
			dependencies = (
				57723BE72CAC325D001446FC /* PBXTargetDependency */,
			);
			name = Scrumdinger;
			productName = Scrumdinger;
			productReference = 57E98D412CA2D50700DE5877 /* Scrumdinger.app */;
			productType = "com.apple.product-type.application";
		};
/* End PBXNativeTarget section */

/* Begin PBXProject section */
		57E98D392CA2D50700DE5877 /* Project object */ = {
			isa = PBXProject;
			attributes = {
				BuildIndependentTargetsInParallel = 1;
				LastSwiftUpdateCheck = 1600;
				LastUpgradeCheck = 1430;
				TargetAttributes = {
					57723BDA2CAC325B001446FC = {
						CreatedOnToolsVersion = 16.0;
					};
					57E98D402CA2D50700DE5877 = {
						CreatedOnToolsVersion = 14.3.1;
					};
				};
			};
			buildConfigurationList = 57E98D3C2CA2D50700DE5877 /* Build configuration list for PBXProject "Scrumdinger" */;
			compatibilityVersion = "Xcode 14.0";
			developmentRegion = en;
			hasScannedForEncodings = 0;
			knownRegions = (
				en,
				Base,
			);
			mainGroup = 57E98D382CA2D50700DE5877;
			productRefGroup = 57E98D422CA2D50700DE5877 /* Products */;
			projectDirPath = "";
			projectRoot = "";
			targets = (
				57E98D402CA2D50700DE5877 /* Scrumdinger */,
				57723BDA2CAC325B001446FC /* ScrumdingerWidgetExtension */,
			);
		};
/* End PBXProject section */

/* Begin PBXResourcesBuildPhase section */
		57723BD92CAC325B001446FC /* Resources */ = {
			isa = PBXResourcesBuildPhase;
			buildActionMask = 2147483647;
			files = (
				57723BF02CAC3C23001446FC /* Assets.xcassets in Resources */,
			);
			runOnlyForDeploymentPostprocessing = 0;
		};
		57E98D3F2CA2D50700DE5877 /* Resources */ = {
			isa = PBXResourcesBuildPhase;
			buildActionMask = 2147483647;
			files = (
				577AE30A2CA5C9A300CA8082 /* ding.wav in Resources */,
				57E98D4C2CA2D50800DE5877 /* Preview Assets.xcassets in Resources */,
				57E98D492CA2D50800DE5877 /* Assets.xcassets in Resources */,
			);
			runOnlyForDeploymentPostprocessing = 0;
		};
/* End PBXResourcesBuildPhase section */

/* Begin PBXSourcesBuildPhase section */
		57723BD72CAC325B001446FC /* Sources */ = {
			isa = PBXSourcesBuildPhase;
			buildActionMask = 2147483647;
			files = (
				57723BEE2CAC3736001446FC /* Theme.swift in Sources */,
				57723BED2CAC370F001446FC /* DailyScrum.swift in Sources */,
				57723BEF2CAC3753001446FC /* History.swift in Sources */,
			);
			runOnlyForDeploymentPostprocessing = 0;
		};
		57E98D3D2CA2D50700DE5877 /* Sources */ = {
			isa = PBXSourcesBuildPhase;
			buildActionMask = 2147483647;
			files = (
				577AE30E2CA6BFE500CA8082 /* History.swift in Sources */,
				57D0A90C2CA48F070091F41B /* ThemePicker.swift in Sources */,
				577AE3002CA5ADAE00CA8082 /* ScrumProgressViewStyle.swift in Sources */,
				577AE3042CA5C2C900CA8082 /* MeetingFooterView.swift in Sources */,
				577AE3192CA86A9500CA8082 /* SpeakerArc.swift in Sources */,
				577AE3142CA84EB300CA8082 /* ErrorView.swift in Sources */,
				577AE3022CA5AE8E00CA8082 /* ScrumTimer.swift in Sources */,
				57355C052CAADE3300F066CB /* HistoryView.swift in Sources */,
				577AE3162CA8680700CA8082 /* MeetingTimerView.swift in Sources */,
				57E98D562CA2DD7A00DE5877 /* DailyScrum.swift in Sources */,
				577AE3102CA6CAF200CA8082 /* ScrumStore.swift in Sources */,
				57D0A9032CA45C450091F41B /* DetailView.swift in Sources */,
				577AE3122CA84E0B00CA8082 /* ErrorWrapper.swift in Sources */,
				577AE2FE2CA5843D00CA8082 /* MeetingHeaderView.swift in Sources */,
				57D0A9072CA46D0A0091F41B /* DetailEditView.swift in Sources */,
				577AE30C2CA6BCDF00CA8082 /* NewScrumSheet.swift in Sources */,
				57E98D5A2CA31C1C00DE5877 /* TrailingIconLabelStyle.swift in Sources */,
				57E98D542CA2DBD300DE5877 /* Theme.swift in Sources */,
				57355C032CAAD48700F066CB /* SpeechRecognizer.swift in Sources */,
				57E98D5C2CA3D38500DE5877 /* ScrumsView.swift in Sources */,
				57E98D472CA2D50700DE5877 /* MeetingView.swift in Sources */,
				57E98D452CA2D50700DE5877 /* ScrumdingerApp.swift in Sources */,
				57D0A90A2CA48C040091F41B /* ThemeView.swift in Sources */,
				57E98D582CA3115000DE5877 /* CardView.swift in Sources */,
				577AE3062CA5C87700CA8082 /* AVPlayer+Ding.swift in Sources */,
			);
			runOnlyForDeploymentPostprocessing = 0;
		};
/* End PBXSourcesBuildPhase section */

/* Begin PBXTargetDependency section */
		57723BE72CAC325D001446FC /* PBXTargetDependency */ = {
			isa = PBXTargetDependency;
			target = 57723BDA2CAC325B001446FC /* ScrumdingerWidgetExtension */;
			targetProxy = 57723BE62CAC325D001446FC /* PBXContainerItemProxy */;
		};
/* End PBXTargetDependency section */

/* Begin XCBuildConfiguration section */
		57723BEB2CAC325D001446FC /* Debug */ = {
			isa = XCBuildConfiguration;
			buildSettings = {
				ASSETCATALOG_COMPILER_GENERATE_SWIFT_ASSET_SYMBOL_EXTENSIONS = YES;
				ASSETCATALOG_COMPILER_GLOBAL_ACCENT_COLOR_NAME = AccentColor;
				ASSETCATALOG_COMPILER_WIDGET_BACKGROUND_COLOR_NAME = WidgetBackground;
				CODE_SIGN_STYLE = Automatic;
				CURRENT_PROJECT_VERSION = 1;
				ENABLE_USER_SCRIPT_SANDBOXING = YES;
				GCC_C_LANGUAGE_STANDARD = gnu17;
				GENERATE_INFOPLIST_FILE = YES;
				INFOPLIST_FILE = ScrumdingerWidget/Info.plist;
				INFOPLIST_KEY_CFBundleDisplayName = ScrumdingerWidget;
				INFOPLIST_KEY_NSHumanReadableCopyright = "";
				IPHONEOS_DEPLOYMENT_TARGET = 18.0;
				LD_RUNPATH_SEARCH_PATHS = (
					"$(inherited)",
					"@executable_path/Frameworks",
					"@executable_path/../../Frameworks",
				);
				LOCALIZATION_PREFERS_STRING_CATALOGS = YES;
				MARKETING_VERSION = 1.0;
				PRODUCT_BUNDLE_IDENTIFIER = com.example.Scrumdinger.ScrumdingerWidget;
				PRODUCT_NAME = "$(TARGET_NAME)";
				SKIP_INSTALL = YES;
				SWIFT_ACTIVE_COMPILATION_CONDITIONS = "DEBUG $(inherited)";
				SWIFT_EMIT_LOC_STRINGS = YES;
				SWIFT_VERSION = 5.0;
				TARGETED_DEVICE_FAMILY = "1,2";
			};
			name = Debug;
		};
		57723BEC2CAC325D001446FC /* Release */ = {
			isa = XCBuildConfiguration;
			buildSettings = {
				ASSETCATALOG_COMPILER_GENERATE_SWIFT_ASSET_SYMBOL_EXTENSIONS = YES;
				ASSETCATALOG_COMPILER_GLOBAL_ACCENT_COLOR_NAME = AccentColor;
				ASSETCATALOG_COMPILER_WIDGET_BACKGROUND_COLOR_NAME = WidgetBackground;
				CODE_SIGN_STYLE = Automatic;
				CURRENT_PROJECT_VERSION = 1;
				ENABLE_USER_SCRIPT_SANDBOXING = YES;
				GCC_C_LANGUAGE_STANDARD = gnu17;
				GENERATE_INFOPLIST_FILE = YES;
				INFOPLIST_FILE = ScrumdingerWidget/Info.plist;
				INFOPLIST_KEY_CFBundleDisplayName = ScrumdingerWidget;
				INFOPLIST_KEY_NSHumanReadableCopyright = "";
				IPHONEOS_DEPLOYMENT_TARGET = 18.0;
				LD_RUNPATH_SEARCH_PATHS = (
					"$(inherited)",
					"@executable_path/Frameworks",
					"@executable_path/../../Frameworks",
				);
				LOCALIZATION_PREFERS_STRING_CATALOGS = YES;
				MARKETING_VERSION = 1.0;
				PRODUCT_BUNDLE_IDENTIFIER = com.example.Scrumdinger.ScrumdingerWidget;
				PRODUCT_NAME = "$(TARGET_NAME)";
				SKIP_INSTALL = YES;
				SWIFT_EMIT_LOC_STRINGS = YES;
				SWIFT_VERSION = 5.0;
				TARGETED_DEVICE_FAMILY = "1,2";
			};
			name = Release;
		};
		57E98D4D2CA2D50800DE5877 /* Debug */ = {
			isa = XCBuildConfiguration;
			buildSettings = {
				ALWAYS_SEARCH_USER_PATHS = NO;
				CLANG_ANALYZER_NONNULL = YES;
				CLANG_ANALYZER_NUMBER_OBJECT_CONVERSION = YES_AGGRESSIVE;
				CLANG_CXX_LANGUAGE_STANDARD = "gnu++20";
				CLANG_ENABLE_MODULES = YES;
				CLANG_ENABLE_OBJC_ARC = YES;
				CLANG_ENABLE_OBJC_WEAK = YES;
				CLANG_WARN_BLOCK_CAPTURE_AUTORELEASING = YES;
				CLANG_WARN_BOOL_CONVERSION = YES;
				CLANG_WARN_COMMA = YES;
				CLANG_WARN_CONSTANT_CONVERSION = YES;
				CLANG_WARN_DEPRECATED_OBJC_IMPLEMENTATIONS = YES;
				CLANG_WARN_DIRECT_OBJC_ISA_USAGE = YES_ERROR;
				CLANG_WARN_DOCUMENTATION_COMMENTS = YES;
				CLANG_WARN_EMPTY_BODY = YES;
				CLANG_WARN_ENUM_CONVERSION = YES;
				CLANG_WARN_INFINITE_RECURSION = YES;
				CLANG_WARN_INT_CONVERSION = YES;
				CLANG_WARN_NON_LITERAL_NULL_CONVERSION = YES;
				CLANG_WARN_OBJC_IMPLICIT_RETAIN_SELF = YES;
				CLANG_WARN_OBJC_LITERAL_CONVERSION = YES;
				CLANG_WARN_OBJC_ROOT_CLASS = YES_ERROR;
				CLANG_WARN_QUOTED_INCLUDE_IN_FRAMEWORK_HEADER = YES;
				CLANG_WARN_RANGE_LOOP_ANALYSIS = YES;
				CLANG_WARN_STRICT_PROTOTYPES = YES;
				CLANG_WARN_SUSPICIOUS_MOVE = YES;
				CLANG_WARN_UNGUARDED_AVAILABILITY = YES_AGGRESSIVE;
				CLANG_WARN_UNREACHABLE_CODE = YES;
				CLANG_WARN__DUPLICATE_METHOD_MATCH = YES;
				COPY_PHASE_STRIP = NO;
				DEBUG_INFORMATION_FORMAT = dwarf;
				ENABLE_STRICT_OBJC_MSGSEND = YES;
				ENABLE_TESTABILITY = YES;
				GCC_C_LANGUAGE_STANDARD = gnu11;
				GCC_DYNAMIC_NO_PIC = NO;
				GCC_NO_COMMON_BLOCKS = YES;
				GCC_OPTIMIZATION_LEVEL = 0;
				GCC_PREPROCESSOR_DEFINITIONS = (
					"DEBUG=1",
					"$(inherited)",
				);
				GCC_WARN_64_TO_32_BIT_CONVERSION = YES;
				GCC_WARN_ABOUT_RETURN_TYPE = YES_ERROR;
				GCC_WARN_UNDECLARED_SELECTOR = YES;
				GCC_WARN_UNINITIALIZED_AUTOS = YES_AGGRESSIVE;
				GCC_WARN_UNUSED_FUNCTION = YES;
				GCC_WARN_UNUSED_VARIABLE = YES;
				IPHONEOS_DEPLOYMENT_TARGET = 16.4;
				MTL_ENABLE_DEBUG_INFO = INCLUDE_SOURCE;
				MTL_FAST_MATH = YES;
				ONLY_ACTIVE_ARCH = YES;
				SDKROOT = iphoneos;
				SWIFT_ACTIVE_COMPILATION_CONDITIONS = DEBUG;
				SWIFT_OPTIMIZATION_LEVEL = "-Onone";
			};
			name = Debug;
		};
		57E98D4E2CA2D50800DE5877 /* Release */ = {
			isa = XCBuildConfiguration;
			buildSettings = {
				ALWAYS_SEARCH_USER_PATHS = NO;
				CLANG_ANALYZER_NONNULL = YES;
				CLANG_ANALYZER_NUMBER_OBJECT_CONVERSION = YES_AGGRESSIVE;
				CLANG_CXX_LANGUAGE_STANDARD = "gnu++20";
				CLANG_ENABLE_MODULES = YES;
				CLANG_ENABLE_OBJC_ARC = YES;
				CLANG_ENABLE_OBJC_WEAK = YES;
				CLANG_WARN_BLOCK_CAPTURE_AUTORELEASING = YES;
				CLANG_WARN_BOOL_CONVERSION = YES;
				CLANG_WARN_COMMA = YES;
				CLANG_WARN_CONSTANT_CONVERSION = YES;
				CLANG_WARN_DEPRECATED_OBJC_IMPLEMENTATIONS = YES;
				CLANG_WARN_DIRECT_OBJC_ISA_USAGE = YES_ERROR;
				CLANG_WARN_DOCUMENTATION_COMMENTS = YES;
				CLANG_WARN_EMPTY_BODY = YES;
				CLANG_WARN_ENUM_CONVERSION = YES;
				CLANG_WARN_INFINITE_RECURSION = YES;
				CLANG_WARN_INT_CONVERSION = YES;
				CLANG_WARN_NON_LITERAL_NULL_CONVERSION = YES;
				CLANG_WARN_OBJC_IMPLICIT_RETAIN_SELF = YES;
				CLANG_WARN_OBJC_LITERAL_CONVERSION = YES;
				CLANG_WARN_OBJC_ROOT_CLASS = YES_ERROR;
				CLANG_WARN_QUOTED_INCLUDE_IN_FRAMEWORK_HEADER = YES;
				CLANG_WARN_RANGE_LOOP_ANALYSIS = YES;
				CLANG_WARN_STRICT_PROTOTYPES = YES;
				CLANG_WARN_SUSPICIOUS_MOVE = YES;
				CLANG_WARN_UNGUARDED_AVAILABILITY = YES_AGGRESSIVE;
				CLANG_WARN_UNREACHABLE_CODE = YES;
				CLANG_WARN__DUPLICATE_METHOD_MATCH = YES;
				COPY_PHASE_STRIP = NO;
				DEBUG_INFORMATION_FORMAT = "dwarf-with-dsym";
				ENABLE_NS_ASSERTIONS = NO;
				ENABLE_STRICT_OBJC_MSGSEND = YES;
				GCC_C_LANGUAGE_STANDARD = gnu11;
				GCC_NO_COMMON_BLOCKS = YES;
				GCC_WARN_64_TO_32_BIT_CONVERSION = YES;
				GCC_WARN_ABOUT_RETURN_TYPE = YES_ERROR;
				GCC_WARN_UNDECLARED_SELECTOR = YES;
				GCC_WARN_UNINITIALIZED_AUTOS = YES_AGGRESSIVE;
				GCC_WARN_UNUSED_FUNCTION = YES;
				GCC_WARN_UNUSED_VARIABLE = YES;
				IPHONEOS_DEPLOYMENT_TARGET = 16.4;
				MTL_ENABLE_DEBUG_INFO = NO;
				MTL_FAST_MATH = YES;
				SDKROOT = iphoneos;
				SWIFT_COMPILATION_MODE = wholemodule;
				SWIFT_OPTIMIZATION_LEVEL = "-O";
				VALIDATE_PRODUCT = YES;
			};
			name = Release;
		};
		57E98D502CA2D50800DE5877 /* Debug */ = {
			isa = XCBuildConfiguration;
			buildSettings = {
				ASSETCATALOG_COMPILER_APPICON_NAME = AppIcon;
				ASSETCATALOG_COMPILER_GLOBAL_ACCENT_COLOR_NAME = AccentColor;
				CODE_SIGN_STYLE = Automatic;
				CURRENT_PROJECT_VERSION = 1;
				DEVELOPMENT_ASSET_PATHS = "\"Scrumdinger/Preview Content\"";
				ENABLE_PREVIEWS = YES;
				GENERATE_INFOPLIST_FILE = YES;
				INFOPLIST_KEY_NSMicrophoneUsageDescription = "Audio is recorded th transcribe the meeting. Audio recordings are discared after transcription";
				INFOPLIST_KEY_NSSpeechRecognitionUsageDescription = "You can view a text transcription of your meeting in the app";
				INFOPLIST_KEY_UIApplicationSceneManifest_Generation = YES;
				INFOPLIST_KEY_UIApplicationSupportsIndirectInputEvents = YES;
				INFOPLIST_KEY_UILaunchScreen_Generation = YES;
				INFOPLIST_KEY_UISupportedInterfaceOrientations_iPad = "UIInterfaceOrientationPortrait UIInterfaceOrientationPortraitUpsideDown UIInterfaceOrientationLandscapeLeft UIInterfaceOrientationLandscapeRight";
				INFOPLIST_KEY_UISupportedInterfaceOrientations_iPhone = "UIInterfaceOrientationPortrait UIInterfaceOrientationLandscapeLeft UIInterfaceOrientationLandscapeRight";
				LD_RUNPATH_SEARCH_PATHS = (
					"$(inherited)",
					"@executable_path/Frameworks",
				);
				MARKETING_VERSION = 1.0;
				PRODUCT_BUNDLE_IDENTIFIER = com.example.Scrumdinger;
				PRODUCT_NAME = "$(TARGET_NAME)";
				SWIFT_EMIT_LOC_STRINGS = YES;
				SWIFT_VERSION = 5.0;
				TARGETED_DEVICE_FAMILY = "1,2";
			};
			name = Debug;
		};
		57E98D512CA2D50800DE5877 /* Release */ = {
			isa = XCBuildConfiguration;
			buildSettings = {
				ASSETCATALOG_COMPILER_APPICON_NAME = AppIcon;
				ASSETCATALOG_COMPILER_GLOBAL_ACCENT_COLOR_NAME = AccentColor;
				CODE_SIGN_STYLE = Automatic;
				CURRENT_PROJECT_VERSION = 1;
				DEVELOPMENT_ASSET_PATHS = "\"Scrumdinger/Preview Content\"";
				ENABLE_PREVIEWS = YES;
				GENERATE_INFOPLIST_FILE = YES;
				INFOPLIST_KEY_NSMicrophoneUsageDescription = "Audio is recorded th transcribe the meeting. Audio recordings are discared after transcription";
				INFOPLIST_KEY_NSSpeechRecognitionUsageDescription = "You can view a text transcription of your meeting in the app";
				INFOPLIST_KEY_UIApplicationSceneManifest_Generation = YES;
				INFOPLIST_KEY_UIApplicationSupportsIndirectInputEvents = YES;
				INFOPLIST_KEY_UILaunchScreen_Generation = YES;
				INFOPLIST_KEY_UISupportedInterfaceOrientations_iPad = "UIInterfaceOrientationPortrait UIInterfaceOrientationPortraitUpsideDown UIInterfaceOrientationLandscapeLeft UIInterfaceOrientationLandscapeRight";
				INFOPLIST_KEY_UISupportedInterfaceOrientations_iPhone = "UIInterfaceOrientationPortrait UIInterfaceOrientationLandscapeLeft UIInterfaceOrientationLandscapeRight";
				LD_RUNPATH_SEARCH_PATHS = (
					"$(inherited)",
					"@executable_path/Frameworks",
				);
				MARKETING_VERSION = 1.0;
				PRODUCT_BUNDLE_IDENTIFIER = com.example.Scrumdinger;
				PRODUCT_NAME = "$(TARGET_NAME)";
				SWIFT_EMIT_LOC_STRINGS = YES;
				SWIFT_VERSION = 5.0;
				TARGETED_DEVICE_FAMILY = "1,2";
			};
			name = Release;
		};
/* End XCBuildConfiguration section */

/* Begin XCConfigurationList section */
		57723BEA2CAC325D001446FC /* Build configuration list for PBXNativeTarget "ScrumdingerWidgetExtension" */ = {
			isa = XCConfigurationList;
			buildConfigurations = (
				57723BEB2CAC325D001446FC /* Debug */,
				57723BEC2CAC325D001446FC /* Release */,
			);
			defaultConfigurationIsVisible = 0;
			defaultConfigurationName = Release;
		};
		57E98D3C2CA2D50700DE5877 /* Build configuration list for PBXProject "Scrumdinger" */ = {
			isa = XCConfigurationList;
			buildConfigurations = (
				57E98D4D2CA2D50800DE5877 /* Debug */,
				57E98D4E2CA2D50800DE5877 /* Release */,
			);
			defaultConfigurationIsVisible = 0;
			defaultConfigurationName = Release;
		};
		57E98D4F2CA2D50800DE5877 /* Build configuration list for PBXNativeTarget "Scrumdinger" */ = {
			isa = XCConfigurationList;
			buildConfigurations = (
				57E98D502CA2D50800DE5877 /* Debug */,
				57E98D512CA2D50800DE5877 /* Release */,
			);
			defaultConfigurationIsVisible = 0;
			defaultConfigurationName = Release;
		};
/* End XCConfigurationList section */
	};
	rootObject = 57E98D392CA2D50700DE5877 /* Project object */;
}
